
Microsoft Visual Studio Solution File, Format Version 12.00
# Visual Studio Version 16
VisualStudioVersion = 16.0.30517.126
MinimumVisualStudioVersion = 10.0.40219.1
Project("{FAE04EC0-301F-11D3-BF4B-00C04F79EFBC}") = "BitCoinCalcc", "BitCoinCalcc\BitCoinCalcc.csproj", "{AEACA6A2-A90A-40E1-9392-23639625EF24}"
EndProject
Global
	GlobalSection(SolutionConfigurationPlatforms) = preSolution
		Debug|Any CPU = Debug|Any CPU
		Release|Any CPU = Release|Any CPU
	EndGlobalSection
	GlobalSection(ProjectConfigurationPlatforms) = postSolution
		{AEACA6A2-A90A-40E1-9392-23639625EF24}.Debug|Any CPU.ActiveCfg = Debug|Any CPU
		{AEACA6A2-A90A-40E1-9392-23639625EF24}.Debug|Any CPU.Build.0 = Debug|Any CPU
		{AEACA6A2-A90A-40E1-9392-23639625EF24}.Release|Any CPU.ActiveCfg = Release|Any CPU
		{AEACA6A2-A90A-40E1-9392-23639625EF24}.Release|Any CPU.Build.0 = Release|Any CPU
	EndGlobalSection
	GlobalSection(SolutionProperties) = preSolution
		HideSolutionNode = FALSE
	EndGlobalSection
	GlobalSection(ExtensibilityGlobals) = postSolution
		SolutionGuid = {8C738441-722E-427D-A829-A5FE695C8EF1}
	EndGlobalSection
EndGlobal
